
Microsoft Visual Studio Solution File, Format Version 12.00
# Visual Studio 2012
Project("{FAE04EC0-301F-11D3-BF4B-00C04F79EFBC}") = "sist_vendas", "sist_vendas\sist_vendas.csproj", "{A3D04983-AEC1-4967-8F19-F3F052BCCE5D}"
EndProject
Global
	GlobalSection(SolutionConfigurationPlatforms) = preSolution
		Debug|Any CPU = Debug|Any CPU
		Release|Any CPU = Release|Any CPU
	EndGlobalSection
	GlobalSection(ProjectConfigurationPlatforms) = postSolution
		{A3D04983-AEC1-4967-8F19-F3F052BCCE5D}.Debug|Any CPU.ActiveCfg = Debug|Any CPU
		{A3D04983-AEC1-4967-8F19-F3F052BCCE5D}.Debug|Any CPU.Build.0 = Debug|Any CPU
		{A3D04983-AEC1-4967-8F19-F3F052BCCE5D}.Release|Any CPU.ActiveCfg = Release|Any CPU
		{A3D04983-AEC1-4967-8F19-F3F052BCCE5D}.Release|Any CPU.Build.0 = Release|Any CPU
	EndGlobalSection
	GlobalSection(SolutionProperties) = preSolution
		HideSolutionNode = FALSE
	EndGlobalSection
EndGlobal
